hash: 50735e5cda0de81d0f9a0a14195559e6e9313daffaf8822c037acb710ddade4a
updated: 2017-10-18T12:57:13.541232262+02:00
imports:
- name: bitbucket.org/kardianos/osext
  version: 816c96ec6fef6a0cd72c9395d192c4bd0d918753
- name: github.com/armon/circbuf
  version: f092b4f207b6e5cce0569056fba9e1a2735cb6cf
- name: github.com/armon/go-metrics
  version: 97c69685293dce4c0a2d0b19535179bbc976e4d2
  subpackages:
  - datadog
- name: github.com/BurntSushi/toml
  version: 2ceedfee35ad3848e49308ab0c9a4f640cfb5fb2
- name: github.com/carbocation/interpose
  version: 50c09d12f8624ab10532f931cb630d0bf5f7c2c7
- name: github.com/coreos/etcd
  version: 7e4fc7eaa931298732c880a703bccc9c177ae1de
  subpackages:
  - Godeps/_workspace/src/github.com/ugorji/go/codec
  - Godeps/_workspace/src/golang.org/x/net/context
  - client
  - pkg/pathutil
  - pkg/types
- name: github.com/DataDog/datadog-go
  version: 6fa3e39b86f8cbb638a971f2a90b9ebd98074c6b
  subpackages:
  - statsd
- name: github.com/deckarep/golang-set
  version: 2e9696acaf8dc5b879518fbed0450778cfef4ec6
- name: github.com/docker/leadership
  version: bfc7753dd48af19513b29deec23c364bf0f274eb
- name: github.com/docker/libkv
  version: aabc039ad04deb721e234f99cd1b4aa28ac71a40
  subpackages:
  - store
  - store/consul
  - store/etcd
  - store/zookeeper
- name: github.com/gin-contrib/expvar
  version: 5f834d3672079e82c5f79f42c069475f636d3a11
- name: github.com/gin-contrib/multitemplate
  version: 753bf9175717da70b3b268251659ad318533d764
- name: github.com/gin-contrib/sse
  version: 22d885f9ecc78bf4ee5d72b937e4bbcdc58e8cae
- name: github.com/gin-gonic/gin
  version: e2212d40c62a98b388a5eb48ecbdcf88534688ba
  subpackages:
  - binding
  - render
- name: github.com/golang/protobuf
  version: 2402d76f3d41f928c7902a765dfc872356dd3aad
  subpackages:
  - proto
- name: github.com/hashicorp/consul
  version: 2c7715154d8d4568524b76d2d4deb7ca6fd1b285
  subpackages:
  - api
- name: github.com/hashicorp/go-cleanhttp
  version: 3573b8b52aa7b37b9358d966a898feb387f62437
- name: github.com/hashicorp/go-msgpack
  version: 71c2886f5a673a35f909803f38ece5810165097b
  subpackages:
  - codec
- name: github.com/hashicorp/go-plugin
  version: 8cf118f7a2f0c7ef1c82f66d4f6ac77c7e27dc12
- name: github.com/hashicorp/go-rootcerts
  version: 6bb64b370b90e7ef1fa532be9e591a81c3493e00
- name: github.com/hashicorp/go-syslog
  version: 315de0c1920b18b942603ffdc2229e2af4803c17
- name: github.com/hashicorp/memberlist
  version: 6025015f2dc659ca2c735112d37e753bda6e329d
- name: github.com/hashicorp/serf
  version: 0df3e3df1703f838243a7f3f12bf0b88566ade5a
  subpackages:
  - coordinate
  - serf
  - testutil
- name: github.com/hashicorp/yamux
  version: d1caa6c97c9fc1cc9e83bbe34d0603f9ff0ce8bd
- name: github.com/jordan-wright/email
  version: 065af43fce517847a750d01a6d389d1a37e011b3
- name: github.com/jteeuwen/go-bindata
  version: bbd0c6e271208dce66d8fda4bc536453cd27fc4a
  subpackages:
  - '...'
- name: github.com/kr/pretty
  version: 088c856450c08c03eb32f7a6c221e6eefaa10e6f
- name: github.com/kr/text
  version: 6807e777504f54ad073ecef66747de158294b639
- name: github.com/magiconair/properties
  version: d5929c67198951106f49f7ea425198d0f1a08f7f
- name: github.com/manucorporat/sse
  version: ee05b128a739a0fb76c7ebd3ae4810c1de808d6d
- name: github.com/mattn/go-isatty
  version: fc9e8d8ef48496124e79ae0df75490096eccf6fe
- name: github.com/mattn/go-shellwords
  version: 525bedee691b5a8df547cb5cf9f86b7fb1883e24
- name: github.com/mitchellh/cli
  version: 6cc8bc522243675a2882b81662b0b0d2e04b99c9
- name: github.com/mitchellh/go-homedir
  version: b8bc1bf767474819792c23f32d8286a45736f1c6
- name: github.com/mitchellh/mapstructure
  version: 740c764bc6149d3f1806231418adb9f52c11bcbf
- name: github.com/samuel/go-zookeeper
  version: 177002e16a0061912f02377e2dd8951a8b3551bc
  subpackages:
  - zk
- name: github.com/Sirupsen/logrus
  version: 202f25545ea4cf9b191ff7f846df5d87c9382c2b
- name: github.com/spf13/cast
  version: ee815aaf958c707ad07547cd62150d973710f747
- name: github.com/spf13/jwalterweatherman
  version: e3682f3b5526cf86abc2d415aa312cd5531e3d0a
- name: github.com/spf13/pflag
  version: 463bdc838f2b35e9307e91d480878bda5fff7232
- name: github.com/spf13/viper
  version: 2abb1bebfde865b0bb6bb7ada5be63ec78527fa6
- name: github.com/stretchr/testify
  version: 6cb3b85ef5a0efef77caef88363ec4d4b5c0976d
  subpackages:
  - assert
- name: github.com/ugorji/go
  version: 8a2a3a8c488c3ebd98f422a965260278267a0551
  subpackages:
  - codec
- name: golang.org/x/crypto
  version: 24ffb5feb3312a39054178a4b0a4554fc2201248
  subpackages:
  - ssh/terminal
- name: golang.org/x/net
  version: 1dfe7915deaf3f80b962c163b918868d8a6d8974
  subpackages:
  - context
- name: golang.org/x/sys
  version: 30de6d19a3bd89a5f38ae4028e23aaa5582648af
  subpackages:
  - unix
- name: gopkg.in/go-playground/validator.v8
  version: c193cecd124b5cc722d7ee5538e945bdb3348435
- name: gopkg.in/yaml.v2
  version: 49c95bdc21843256fb6c4e0d370a05f24a0bf213
testImports:
- name: github.com/davecgh/go-spew
  version: 5215b55f46b2b919f50a1df0eaa5886afe4e3b3d
  subpackages:
  - spew
- name: github.com/pmezard/go-difflib
  version: 792786c7400a136282c1664665ae0a8db921c6c2
  subpackages:
  - difflib
