{
  "name": "dkron",
  "version": "1.0.0",
  "lockfileVersion": 1,
  "requires": true,
  "dependencies": {
    "angular": {
      "version": "1.7.9",
      "resolved": "https://registry.npmjs.org/angular/-/angular-1.7.9.tgz",
      "integrity": "sha512-5se7ZpcOtu0MBFlzGv5dsM1quQDoDeUTwZrWjGtTNA7O88cD8TEk5IEKCTDa3uECV9XnvKREVUr7du1ACiWGFQ=="
    },
    "angular-mocks": {
      "version": "1.4.14",
      "resolved": "https://registry.npmjs.org/angular-mocks/-/angular-mocks-1.4.14.tgz",
      "integrity": "sha1-6hLscKUidpfnlXVSOrvsDg+RaKc="
    },
    "angular-resource": {
      "version": "1.4.14",
      "resolved": "https://registry.npmjs.org/angular-resource/-/angular-resource-1.4.14.tgz",
      "integrity": "sha1-OCpITi3OJb+7U1g+eD+D5dxb7mQ="
    },
    "angular-rickshaw": {
      "version": "0.1.1",
      "resolved": "https://registry.npmjs.org/angular-rickshaw/-/angular-rickshaw-0.1.1.tgz",
      "integrity": "sha1-ZygnCF49bDCz86MJz+JiJoq9/Is=",
      "requires": {
        "rickshaw": "^1.5.1"
      }
    },
    "angular-route": {
      "version": "1.4.14",
      "resolved": "https://registry.npmjs.org/angular-route/-/angular-route-1.4.14.tgz",
      "integrity": "sha1-Ll2/4SOUI8Z4Flw5uzhgGtZqB5Q="
    },
    "angular-ui-codemirror": {
      "version": "0.3.0",
      "resolved": "https://registry.npmjs.org/angular-ui-codemirror/-/angular-ui-codemirror-0.3.0.tgz",
      "integrity": "sha1-5ChvxQ85PypuaXwb8xcEJOEsu2A="
    },
    "animate.css": {
      "version": "3.7.2",
      "resolved": "https://registry.npmjs.org/animate.css/-/animate.css-3.7.2.tgz",
      "integrity": "sha512-0bE8zYo7C0KvgOYrSVfrzkbYk6IOTVPNqkiHg2cbyF4Pq/PXzilz4BRWA3hwEUBoMp5VBgrC29lQIZyhRWdBTw=="
    },
    "bootstrap": {
      "version": "3.4.1",
      "resolved": "https://registry.npmjs.org/bootstrap/-/bootstrap-3.4.1.tgz",
      "integrity": "sha512-yN5oZVmRCwe5aKwzRj6736nSmKDX7pLYwsXiCj/EYmo16hODaBiT4En5btW/jhBF/seV+XMx3aYwukYC3A49DA=="
    },
    "bootstrap-notify": {
      "version": "3.1.3",
      "resolved": "https://registry.npmjs.org/bootstrap-notify/-/bootstrap-notify-3.1.3.tgz",
      "integrity": "sha1-fpizppbPRSp7VnJ/CzMWqQA3wQs="
    },
    "codemirror": {
      "version": "5.49.2",
      "resolved": "https://registry.npmjs.org/codemirror/-/codemirror-5.49.2.tgz",
      "integrity": "sha512-dwJ2HRPHm8w51WB5YTF9J7m6Z5dtkqbU9ntMZ1dqXyFB9IpjoUFDj80ahRVEoVanfIp6pfASJbOlbWdEf8FOzQ=="
    },
    "d3": {
      "version": "3.5.17",
      "resolved": "https://registry.npmjs.org/d3/-/d3-3.5.17.tgz",
      "integrity": "sha1-vEZ0gAQ3iyGjYMn8fPUjF5B2L7g="
    },
    "jquery": {
      "version": "3.5.0",
      "resolved": "https://registry.npmjs.org/jquery/-/jquery-3.5.0.tgz",
      "integrity": "sha512-Xb7SVYMvygPxbFMpTFQiHh1J7HClEaThguL15N/Gg37Lri/qKyhRGZYzHRyLH8Stq3Aow0LsHO2O2ci86fCrNQ=="
    },
    "rickshaw": {
      "version": "1.6.5",
      "resolved": "https://registry.npmjs.org/rickshaw/-/rickshaw-1.6.5.tgz",
      "integrity": "sha1-3OqUOMPUjdLcWMsFtOnZ3e7dTZ0=",
      "requires": {
        "d3": "^3.5.16"
      }
    }
  }
}
