{
  "name": "dkron",
  "version": "1.0.0",
  "lockfileVersion": 1,
  "requires": true,
  "dependencies": {
    "angular": {
      "version": "1.4.0",
      "resolved": "https://registry.npmjs.org/angular/-/angular-1.4.0.tgz",
      "integrity": "sha1-yksFznSd1AZiwNBmkh8tAanIKhM="
    },
    "angular-mocks": {
      "version": "1.4.14",
      "resolved": "https://registry.npmjs.org/angular-mocks/-/angular-mocks-1.4.14.tgz",
      "integrity": "sha1-6hLscKUidpfnlXVSOrvsDg+RaKc="
    },
    "angular-resource": {
      "version": "1.4.14",
      "resolved": "https://registry.npmjs.org/angular-resource/-/angular-resource-1.4.14.tgz",
      "integrity": "sha1-OCpITi3OJb+7U1g+eD+D5dxb7mQ="
    },
    "angular-rickshaw": {
      "version": "0.1.1",
      "resolved": "https://registry.npmjs.org/angular-rickshaw/-/angular-rickshaw-0.1.1.tgz",
      "integrity": "sha1-ZygnCF49bDCz86MJz+JiJoq9/Is=",
      "requires": {
        "rickshaw": "1.6.5"
      }
    },
    "angular-route": {
      "version": "1.4.14",
      "resolved": "https://registry.npmjs.org/angular-route/-/angular-route-1.4.14.tgz",
      "integrity": "sha1-Ll2/4SOUI8Z4Flw5uzhgGtZqB5Q="
    },
    "bootstrap": {
      "version": "3.3.7",
      "resolved": "https://registry.npmjs.org/bootstrap/-/bootstrap-3.3.7.tgz",
      "integrity": "sha1-WjiTlFSfIzMIdaOxUGVldPip63E="
    },
    "d3": {
      "version": "3.5.17",
      "resolved": "https://registry.npmjs.org/d3/-/d3-3.5.17.tgz",
      "integrity": "sha1-vEZ0gAQ3iyGjYMn8fPUjF5B2L7g="
    },
    "jquery": {
      "version": "2.1.3",
      "resolved": "https://registry.npmjs.org/jquery/-/jquery-2.1.3.tgz",
      "integrity": "sha1-bsVSBGc9UF05Qyxb9c+tEOHbrS4="
    },
    "rickshaw": {
      "version": "1.6.5",
      "resolved": "https://registry.npmjs.org/rickshaw/-/rickshaw-1.6.5.tgz",
      "integrity": "sha1-3OqUOMPUjdLcWMsFtOnZ3e7dTZ0=",
      "requires": {
        "d3": "3.5.17"
      }
    }
  }
}
